
Microsoft Visual Studio Solution File, Format Version 12.00
# Visual Studio Version 16
VisualStudioVersion = 16.0.29424.173
MinimumVisualStudioVersion = 10.0.40219.1
Project("{9A19103F-16F7-4668-BE54-9A1E7A4F7556}") = "EatingApp", "EatingApp\EatingApp.csproj", "{EF04431E-1BF0-4BBC-B668-B137E99B6995}"
EndProject
Project("{9A19103F-16F7-4668-BE54-9A1E7A4F7556}") = "EatingApp.Core", "EatingApp.Core\EatingApp.Core.csproj", "{A4369410-5303-4BA5-A491-78702AE1BB22}"
EndProject
Project("{9A19103F-16F7-4668-BE54-9A1E7A4F7556}") = "EatingApp.DAL", "EatingApp.DAL\EatingApp.DAL.csproj", "{F6D8F6F6-8BAE-46DC-B8C0-15B02DA81E7C}"
EndProject
Project("{FAE04EC0-301F-11D3-BF4B-00C04F79EFBC}") = "EatingApp.Services", "EatingApp.Services\EatingApp.Services.csproj", "{05EACCD9-0AC9-4325-BB1D-602FD0C9536C}"
EndProject
Global
	GlobalSection(SolutionConfigurationPlatforms) = preSolution
		Debug|Any CPU = Debug|Any CPU
		Release|Any CPU = Release|Any CPU
	EndGlobalSection
	GlobalSection(ProjectConfigurationPlatforms) = postSolution
		{EF04431E-1BF0-4BBC-B668-B137E99B6995}.Debug|Any CPU.ActiveCfg = Debug|Any CPU
		{EF04431E-1BF0-4BBC-B668-B137E99B6995}.Debug|Any CPU.Build.0 = Debug|Any CPU
		{EF04431E-1BF0-4BBC-B668-B137E99B6995}.Release|Any CPU.ActiveCfg = Release|Any CPU
		{EF04431E-1BF0-4BBC-B668-B137E99B6995}.Release|Any CPU.Build.0 = Release|Any CPU
		{A4369410-5303-4BA5-A491-78702AE1BB22}.Debug|Any CPU.ActiveCfg = Debug|Any CPU
		{A4369410-5303-4BA5-A491-78702AE1BB22}.Debug|Any CPU.Build.0 = Debug|Any CPU
		{A4369410-5303-4BA5-A491-78702AE1BB22}.Release|Any CPU.ActiveCfg = Release|Any CPU
		{A4369410-5303-4BA5-A491-78702AE1BB22}.Release|Any CPU.Build.0 = Release|Any CPU
		{F6D8F6F6-8BAE-46DC-B8C0-15B02DA81E7C}.Debug|Any CPU.ActiveCfg = Debug|Any CPU
		{F6D8F6F6-8BAE-46DC-B8C0-15B02DA81E7C}.Debug|Any CPU.Build.0 = Debug|Any CPU
		{F6D8F6F6-8BAE-46DC-B8C0-15B02DA81E7C}.Release|Any CPU.ActiveCfg = Release|Any CPU
		{F6D8F6F6-8BAE-46DC-B8C0-15B02DA81E7C}.Release|Any CPU.Build.0 = Release|Any CPU
		{05EACCD9-0AC9-4325-BB1D-602FD0C9536C}.Debug|Any CPU.ActiveCfg = Debug|Any CPU
		{05EACCD9-0AC9-4325-BB1D-602FD0C9536C}.Debug|Any CPU.Build.0 = Debug|Any CPU
		{05EACCD9-0AC9-4325-BB1D-602FD0C9536C}.Release|Any CPU.ActiveCfg = Release|Any CPU
		{05EACCD9-0AC9-4325-BB1D-602FD0C9536C}.Release|Any CPU.Build.0 = Release|Any CPU
	EndGlobalSection
	GlobalSection(SolutionProperties) = preSolution
		HideSolutionNode = FALSE
	EndGlobalSection
	GlobalSection(ExtensibilityGlobals) = postSolution
		SolutionGuid = {0411FA41-FB71-4693-A9A8-00668B411B9C}
	EndGlobalSection
EndGlobal
